
Microsoft Visual Studio Solution File, Format Version 12.00
# Visual Studio Version 16
VisualStudioVersion = 16.0.31005.135
MinimumVisualStudioVersion = 10.0.40219.1
Project("{FAE04EC0-301F-11D3-BF4B-00C04F79EFBC}") = "NetworkController", "NetworkController\NetworkController.csproj", "{A7DFDB2A-A1C0-4E0A-BF97-2E5523B40D41}"
EndProject
Project("{FAE04EC0-301F-11D3-BF4B-00C04F79EFBC}") = "NetworkTestHelper", "NetworkTestHelper\NetworkTestHelper.csproj", "{293CAA87-08D4-4AF8-A8DE-76BBDA85D5A8}"
EndProject
Project("{FAE04EC0-301F-11D3-BF4B-00C04F79EFBC}") = "NetworkTests", "NetworkTests\NetworkTests.csproj", "{7055DC77-6E3A-471F-A187-D97BA8073363}"
EndProject
Global
	GlobalSection(SolutionConfigurationPlatforms) = preSolution
		Debug|Any CPU = Debug|Any CPU
		Release|Any CPU = Release|Any CPU
	EndGlobalSection
	GlobalSection(ProjectConfigurationPlatforms) = postSolution
		{A7DFDB2A-A1C0-4E0A-BF97-2E5523B40D41}.Debug|Any CPU.ActiveCfg = Debug|Any CPU
		{A7DFDB2A-A1C0-4E0A-BF97-2E5523B40D41}.Debug|Any CPU.Build.0 = Debug|Any CPU
		{A7DFDB2A-A1C0-4E0A-BF97-2E5523B40D41}.Release|Any CPU.ActiveCfg = Release|Any CPU
		{A7DFDB2A-A1C0-4E0A-BF97-2E5523B40D41}.Release|Any CPU.Build.0 = Release|Any CPU
		{293CAA87-08D4-4AF8-A8DE-76BBDA85D5A8}.Debug|Any CPU.ActiveCfg = Debug|Any CPU
		{293CAA87-08D4-4AF8-A8DE-76BBDA85D5A8}.Debug|Any CPU.Build.0 = Debug|Any CPU
		{293CAA87-08D4-4AF8-A8DE-76BBDA85D5A8}.Release|Any CPU.ActiveCfg = Release|Any CPU
		{293CAA87-08D4-4AF8-A8DE-76BBDA85D5A8}.Release|Any CPU.Build.0 = Release|Any CPU
		{7055DC77-6E3A-471F-A187-D97BA8073363}.Debug|Any CPU.ActiveCfg = Debug|Any CPU
		{7055DC77-6E3A-471F-A187-D97BA8073363}.Debug|Any CPU.Build.0 = Debug|Any CPU
		{7055DC77-6E3A-471F-A187-D97BA8073363}.Release|Any CPU.ActiveCfg = Release|Any CPU
		{7055DC77-6E3A-471F-A187-D97BA8073363}.Release|Any CPU.Build.0 = Release|Any CPU
	EndGlobalSection
	GlobalSection(SolutionProperties) = preSolution
		HideSolutionNode = FALSE
	EndGlobalSection
	GlobalSection(ExtensibilityGlobals) = postSolution
		SolutionGuid = {DCB45EB3-7A6B-4A9B-B417-F23BDC828C5E}
	EndGlobalSection
EndGlobal
